// !$*UTF8*$!
{
	archiveVersion = 1;
	classes = {
	};
	objectVersion = 50;
	objects = {

/* Begin PBXBuildFile section */
		7706672E25D84FBA0065BB45 /* 3-13300.cpp in Sources */ = {isa = PBXBuildFile; fileRef = 7706672D25D84FBA0065BB45 /* 3-13300.cpp */; };
/* End PBXBuildFile section */

/* Begin PBXCopyFilesBuildPhase section */
		77DBEEF525D17FFB00E021AD /* CopyFiles */ = {
			isa = PBXCopyFilesBuildPhase;
			buildActionMask = 2147483647;
			dstPath = /usr/share/man/man1/;
			dstSubfolderSpec = 0;
			files = (
			);
			runOnlyForDeploymentPostprocessing = 1;
		};
/* End PBXCopyFilesBuildPhase section */

/* Begin PBXFileReference section */
		7706671225D81CFD0065BB45 /* 3-10808.cpp */ = {isa = PBXFileReference; lastKnownFileType = sourcecode.cpp.cpp; path = "3-10808.cpp"; sourceTree = "<group>"; };
		7706671825D829C90065BB45 /* 3-10807.cpp */ = {isa = PBXFileReference; lastKnownFileType = sourcecode.cpp.cpp; path = "3-10807.cpp"; sourceTree = "<group>"; };
		7706671C25D832110065BB45 /* 3-2577.cpp */ = {isa = PBXFileReference; lastKnownFileType = sourcecode.cpp.cpp; path = "3-2577.cpp"; sourceTree = "<group>"; };
		7706672125D843950065BB45 /* 3-1475.cpp */ = {isa = PBXFileReference; lastKnownFileType = sourcecode.cpp.cpp; path = "3-1475.cpp"; sourceTree = "<group>"; };
		7706672525D849570065BB45 /* 3-11328.cpp */ = {isa = PBXFileReference; lastKnownFileType = sourcecode.cpp.cpp; path = "3-11328.cpp"; sourceTree = "<group>"; };
		7706672925D84E6E0065BB45 /* 3-1919.cpp */ = {isa = PBXFileReference; lastKnownFileType = sourcecode.cpp.cpp; path = "3-1919.cpp"; sourceTree = "<group>"; };
		7706672D25D84FBA0065BB45 /* 3-13300.cpp */ = {isa = PBXFileReference; lastKnownFileType = sourcecode.cpp.cpp; path = "3-13300.cpp"; sourceTree = "<group>"; };
		77DBEEF725D17FFB00E021AD /* BOJ_Practice */ = {isa = PBXFileReference; explicitFileType = "compiled.mach-o.executable"; includeInIndex = 0; path = BOJ_Practice; sourceTree = BUILT_PRODUCTS_DIR; };
		77DBEEFA25D17FFB00E021AD /* 2-10171.cpp */ = {isa = PBXFileReference; lastKnownFileType = sourcecode.cpp.cpp; path = "2-10171.cpp"; sourceTree = "<group>"; };
		77DBEF0825D1940200E021AD /* 2-2480.cpp */ = {isa = PBXFileReference; lastKnownFileType = sourcecode.cpp.cpp; path = "2-2480.cpp"; sourceTree = "<group>"; };
		77DBEF0D25D19A0500E021AD /* 2-2490.cpp */ = {isa = PBXFileReference; lastKnownFileType = sourcecode.cpp.cpp; path = "2-2490.cpp"; sourceTree = "<group>"; };
		77DBEF1025D19D8A00E021AD /* 2-2576.cpp */ = {isa = PBXFileReference; lastKnownFileType = sourcecode.cpp.cpp; path = "2-2576.cpp"; sourceTree = "<group>"; };
		77DBEF1425D19EBB00E021AD /* 2-2587.cpp */ = {isa = PBXFileReference; lastKnownFileType = sourcecode.cpp.cpp; path = "2-2587.cpp"; sourceTree = "<group>"; };
		77DBEF1825D19FC600E021AD /* 2-2309.cpp */ = {isa = PBXFileReference; lastKnownFileType = sourcecode.cpp.cpp; path = "2-2309.cpp"; sourceTree = "<group>"; };
		77DBEF1D25D1A8B700E021AD /* 2-10093.cpp */ = {isa = PBXFileReference; lastKnownFileType = sourcecode.cpp.cpp; path = "2-10093.cpp"; sourceTree = "<group>"; };
/* End PBXFileReference section */

/* Begin PBXFrameworksBuildPhase section */
		77DBEEF425D17FFB00E021AD /* Frameworks */ = {
			isa = PBXFrameworksBuildPhase;
			buildActionMask = 2147483647;
			files = (
			);
			runOnlyForDeploymentPostprocessing = 0;
		};
/* End PBXFrameworksBuildPhase section */

/* Begin PBXGroup section */
		77DBEEEE25D17FFB00E021AD = {
			isa = PBXGroup;
			children = (
				77DBEEF925D17FFB00E021AD /* BOJ_Practice */,
				77DBEEF825D17FFB00E021AD /* Products */,
			);
			sourceTree = "<group>";
		};
		77DBEEF825D17FFB00E021AD /* Products */ = {
			isa = PBXGroup;
			children = (
				77DBEEF725D17FFB00E021AD /* BOJ_Practice */,
			);
			name = Products;
			sourceTree = "<group>";
		};
		77DBEEF925D17FFB00E021AD /* BOJ_Practice */ = {
			isa = PBXGroup;
			children = (
				77DBEEFA25D17FFB00E021AD /* 2-10171.cpp */,
				77DBEF0825D1940200E021AD /* 2-2480.cpp */,
				77DBEF0D25D19A0500E021AD /* 2-2490.cpp */,
				77DBEF1025D19D8A00E021AD /* 2-2576.cpp */,
				77DBEF1425D19EBB00E021AD /* 2-2587.cpp */,
				77DBEF1825D19FC600E021AD /* 2-2309.cpp */,
				77DBEF1D25D1A8B700E021AD /* 2-10093.cpp */,
				7706671225D81CFD0065BB45 /* 3-10808.cpp */,
				7706671825D829C90065BB45 /* 3-10807.cpp */,
				7706671C25D832110065BB45 /* 3-2577.cpp */,
				7706672125D843950065BB45 /* 3-1475.cpp */,
				7706672525D849570065BB45 /* 3-11328.cpp */,
				7706672925D84E6E0065BB45 /* 3-1919.cpp */,
				7706672D25D84FBA0065BB45 /* 3-13300.cpp */,
			);
			path = BOJ_Practice;
			sourceTree = "<group>";
		};
/* End PBXGroup section */

/* Begin PBXNativeTarget section */
		77DBEEF625D17FFB00E021AD /* BOJ_Practice */ = {
			isa = PBXNativeTarget;
			buildConfigurationList = 77DBEEFE25D17FFB00E021AD /* Build configuration list for PBXNativeTarget "BOJ_Practice" */;
			buildPhases = (
				77DBEEF325D17FFB00E021AD /* Sources */,
				77DBEEF425D17FFB00E021AD /* Frameworks */,
				77DBEEF525D17FFB00E021AD /* CopyFiles */,
			);
			buildRules = (
			);
			dependencies = (
			);
			name = BOJ_Practice;
			productName = BOJ_Practice;
			productReference = 77DBEEF725D17FFB00E021AD /* BOJ_Practice */;
			productType = "com.apple.product-type.tool";
		};
/* End PBXNativeTarget section */

/* Begin PBXProject section */
		77DBEEEF25D17FFB00E021AD /* Project object */ = {
			isa = PBXProject;
			attributes = {
				LastUpgradeCheck = 1230;
				TargetAttributes = {
					77DBEEF625D17FFB00E021AD = {
						CreatedOnToolsVersion = 12.3;
					};
				};
			};
			buildConfigurationList = 77DBEEF225D17FFB00E021AD /* Build configuration list for PBXProject "BOJ_Practice" */;
			compatibilityVersion = "Xcode 9.3";
			developmentRegion = en;
			hasScannedForEncodings = 0;
			knownRegions = (
				en,
				Base,
			);
			mainGroup = 77DBEEEE25D17FFB00E021AD;
			productRefGroup = 77DBEEF825D17FFB00E021AD /* Products */;
			projectDirPath = "";
			projectRoot = "";
			targets = (
				77DBEEF625D17FFB00E021AD /* BOJ_Practice */,
			);
		};
/* End PBXProject section */

/* Begin PBXSourcesBuildPhase section */
		77DBEEF325D17FFB00E021AD /* Sources */ = {
			isa = PBXSourcesBuildPhase;
			buildActionMask = 2147483647;
			files = (
				7706672E25D84FBA0065BB45 /* 3-13300.cpp in Sources */,
			);
			runOnlyForDeploymentPostprocessing = 0;
		};
/* End PBXSourcesBuildPhase section */

/* Begin XCBuildConfiguration section */
		77DBEEFC25D17FFB00E021AD /* Debug */ = {
			isa = XCBuildConfiguration;
			buildSettings = {
				ALWAYS_SEARCH_USER_PATHS = NO;
				CLANG_ANALYZER_NONNULL = YES;
				CLANG_ANALYZER_NUMBER_OBJECT_CONVERSION = YES_AGGRESSIVE;
				CLANG_CXX_LANGUAGE_STANDARD = "gnu++14";
				CLANG_CXX_LIBRARY = "libc++";
				CLANG_ENABLE_MODULES = YES;
				CLANG_ENABLE_OBJC_ARC = YES;
				CLANG_ENABLE_OBJC_WEAK = YES;
				CLANG_WARN_BLOCK_CAPTURE_AUTORELEASING = YES;
				CLANG_WARN_BOOL_CONVERSION = YES;
				CLANG_WARN_COMMA = YES;
				CLANG_WARN_CONSTANT_CONVERSION = YES;
				CLANG_WARN_DEPRECATED_OBJC_IMPLEMENTATIONS = YES;
				CLANG_WARN_DIRECT_OBJC_ISA_USAGE = YES_ERROR;
				CLANG_WARN_DOCUMENTATION_COMMENTS = YES;
				CLANG_WARN_EMPTY_BODY = YES;
				CLANG_WARN_ENUM_CONVERSION = YES;
				CLANG_WARN_INFINITE_RECURSION = YES;
				CLANG_WARN_INT_CONVERSION = YES;
				CLANG_WARN_NON_LITERAL_NULL_CONVERSION = YES;
				CLANG_WARN_OBJC_IMPLICIT_RETAIN_SELF = YES;
				CLANG_WARN_OBJC_LITERAL_CONVERSION = YES;
				CLANG_WARN_OBJC_ROOT_CLASS = YES_ERROR;
				CLANG_WARN_QUOTED_INCLUDE_IN_FRAMEWORK_HEADER = YES;
				CLANG_WARN_RANGE_LOOP_ANALYSIS = YES;
				CLANG_WARN_STRICT_PROTOTYPES = YES;
				CLANG_WARN_SUSPICIOUS_MOVE = YES;
				CLANG_WARN_UNGUARDED_AVAILABILITY = YES_AGGRESSIVE;
				CLANG_WARN_UNREACHABLE_CODE = YES;
				CLANG_WARN__DUPLICATE_METHOD_MATCH = YES;
				COPY_PHASE_STRIP = NO;
				DEBUG_INFORMATION_FORMAT = dwarf;
				ENABLE_STRICT_OBJC_MSGSEND = YES;
				ENABLE_TESTABILITY = YES;
				GCC_C_LANGUAGE_STANDARD = gnu11;
				GCC_DYNAMIC_NO_PIC = NO;
				GCC_NO_COMMON_BLOCKS = YES;
				GCC_OPTIMIZATION_LEVEL = 0;
				GCC_PREPROCESSOR_DEFINITIONS = (
					"DEBUG=1",
					"$(inherited)",
				);
				GCC_WARN_64_TO_32_BIT_CONVERSION = YES;
				GCC_WARN_ABOUT_RETURN_TYPE = YES_ERROR;
				GCC_WARN_UNDECLARED_SELECTOR = YES;
				GCC_WARN_UNINITIALIZED_AUTOS = YES_AGGRESSIVE;
				GCC_WARN_UNUSED_FUNCTION = YES;
				GCC_WARN_UNUSED_VARIABLE = YES;
				MACOSX_DEPLOYMENT_TARGET = 10.15;
				MTL_ENABLE_DEBUG_INFO = INCLUDE_SOURCE;
				MTL_FAST_MATH = YES;
				ONLY_ACTIVE_ARCH = YES;
				SDKROOT = macosx;
			};
			name = Debug;
		};
		77DBEEFD25D17FFB00E021AD /* Release */ = {
			isa = XCBuildConfiguration;
			buildSettings = {
				ALWAYS_SEARCH_USER_PATHS = NO;
				CLANG_ANALYZER_NONNULL = YES;
				CLANG_ANALYZER_NUMBER_OBJECT_CONVERSION = YES_AGGRESSIVE;
				CLANG_CXX_LANGUAGE_STANDARD = "gnu++14";
				CLANG_CXX_LIBRARY = "libc++";
				CLANG_ENABLE_MODULES = YES;
				CLANG_ENABLE_OBJC_ARC = YES;
				CLANG_ENABLE_OBJC_WEAK = YES;
				CLANG_WARN_BLOCK_CAPTURE_AUTORELEASING = YES;
				CLANG_WARN_BOOL_CONVERSION = YES;
				CLANG_WARN_COMMA = YES;
				CLANG_WARN_CONSTANT_CONVERSION = YES;
				CLANG_WARN_DEPRECATED_OBJC_IMPLEMENTATIONS = YES;
				CLANG_WARN_DIRECT_OBJC_ISA_USAGE = YES_ERROR;
				CLANG_WARN_DOCUMENTATION_COMMENTS = YES;
				CLANG_WARN_EMPTY_BODY = YES;
				CLANG_WARN_ENUM_CONVERSION = YES;
				CLANG_WARN_INFINITE_RECURSION = YES;
				CLANG_WARN_INT_CONVERSION = YES;
				CLANG_WARN_NON_LITERAL_NULL_CONVERSION = YES;
				CLANG_WARN_OBJC_IMPLICIT_RETAIN_SELF = YES;
				CLANG_WARN_OBJC_LITERAL_CONVERSION = YES;
				CLANG_WARN_OBJC_ROOT_CLASS = YES_ERROR;
				CLANG_WARN_QUOTED_INCLUDE_IN_FRAMEWORK_HEADER = YES;
				CLANG_WARN_RANGE_LOOP_ANALYSIS = YES;
				CLANG_WARN_STRICT_PROTOTYPES = YES;
				CLANG_WARN_SUSPICIOUS_MOVE = YES;
				CLANG_WARN_UNGUARDED_AVAILABILITY = YES_AGGRESSIVE;
				CLANG_WARN_UNREACHABLE_CODE = YES;
				CLANG_WARN__DUPLICATE_METHOD_MATCH = YES;
				COPY_PHASE_STRIP = NO;
				DEBUG_INFORMATION_FORMAT = "dwarf-with-dsym";
				ENABLE_NS_ASSERTIONS = NO;
				ENABLE_STRICT_OBJC_MSGSEND = YES;
				GCC_C_LANGUAGE_STANDARD = gnu11;
				GCC_NO_COMMON_BLOCKS = YES;
				GCC_WARN_64_TO_32_BIT_CONVERSION = YES;
				GCC_WARN_ABOUT_RETURN_TYPE = YES_ERROR;
				GCC_WARN_UNDECLARED_SELECTOR = YES;
				GCC_WARN_UNINITIALIZED_AUTOS = YES_AGGRESSIVE;
				GCC_WARN_UNUSED_FUNCTION = YES;
				GCC_WARN_UNUSED_VARIABLE = YES;
				MACOSX_DEPLOYMENT_TARGET = 10.15;
				MTL_ENABLE_DEBUG_INFO = NO;
				MTL_FAST_MATH = YES;
				SDKROOT = macosx;
			};
			name = Release;
		};
		77DBEEFF25D17FFB00E021AD /* Debug */ = {
			isa = XCBuildConfiguration;
			buildSettings = {
				CODE_SIGN_STYLE = Automatic;
				DEVELOPMENT_TEAM = T3VFJ764ZC;
				ENABLE_HARDENED_RUNTIME = YES;
				PRODUCT_NAME = "$(TARGET_NAME)";
			};
			name = Debug;
		};
		77DBEF0025D17FFB00E021AD /* Release */ = {
			isa = XCBuildConfiguration;
			buildSettings = {
				CODE_SIGN_STYLE = Automatic;
				DEVELOPMENT_TEAM = T3VFJ764ZC;
				ENABLE_HARDENED_RUNTIME = YES;
				PRODUCT_NAME = "$(TARGET_NAME)";
			};
			name = Release;
		};
/* End XCBuildConfiguration section */

/* Begin XCConfigurationList section */
		77DBEEF225D17FFB00E021AD /* Build configuration list for PBXProject "BOJ_Practice" */ = {
			isa = XCConfigurationList;
			buildConfigurations = (
				77DBEEFC25D17FFB00E021AD /* Debug */,
				77DBEEFD25D17FFB00E021AD /* Release */,
			);
			defaultConfigurationIsVisible = 0;
			defaultConfigurationName = Release;
		};
		77DBEEFE25D17FFB00E021AD /* Build configuration list for PBXNativeTarget "BOJ_Practice" */ = {
			isa = XCConfigurationList;
			buildConfigurations = (
				77DBEEFF25D17FFB00E021AD /* Debug */,
				77DBEF0025D17FFB00E021AD /* Release */,
			);
			defaultConfigurationIsVisible = 0;
			defaultConfigurationName = Release;
		};
/* End XCConfigurationList section */
	};
	rootObject = 77DBEEEF25D17FFB00E021AD /* Project object */;
}
